
Microsoft Visual Studio Solution File, Format Version 12.00
# Visual Studio Version 16
VisualStudioVersion = 16.0.29009.5
MinimumVisualStudioVersion = 10.0.40219.1
Project("{2150E333-8FDC-42A3-9474-1A3956D46DE8}") = "01 - Testes de Unidade", "01 - Testes de Unidade", "{7431B090-D75F-4433-9F36-04B39A82281A}"
EndProject
Project("{2150E333-8FDC-42A3-9474-1A3956D46DE8}") = "1.1 - Testes Basicos", "1.1 - Testes Basicos", "{BFB42658-9528-4813-9813-575D8B4F733E}"
EndProject
Project("{9A19103F-16F7-4668-BE54-9A1E7A4F7556}") = "Demo", "01 - Testes de Unidade\Demo\Demo.csproj", "{246D1323-401C-49DA-AB69-8354BA2CAC2A}"
EndProject
Project("{9A19103F-16F7-4668-BE54-9A1E7A4F7556}") = "Demo.Tests", "01 - Testes de Unidade\Demo.Tests\Demo.Tests.csproj", "{4F44A430-BC84-42E5-9340-38D38AC2BA63}"
EndProject
Project("{2150E333-8FDC-42A3-9474-1A3956D46DE8}") = "2.2 - Features", "2.2 - Features", "{2D5A96F8-7FED-413E-A88D-6EAF047D5DBB}"
EndProject
Project("{9A19103F-16F7-4668-BE54-9A1E7A4F7556}") = "Features", "01 - Testes de Unidade\Features\Features.csproj", "{F3227277-7CCF-4854-AB36-0D0D6BBA47BB}"
EndProject
Project("{9A19103F-16F7-4668-BE54-9A1E7A4F7556}") = "Features.Tests", "01 - Testes de Unidade\Features.Tests\Features.Tests.csproj", "{AFF5C7A0-A49F-4EFA-9732-8728A4AD68C9}"
EndProject
Project("{2150E333-8FDC-42A3-9474-1A3956D46DE8}") = "02 - TDD", "02 - TDD", "{277EB435-935D-44F4-836A-FAB61E515826}"
EndProject
Project("{9A19103F-16F7-4668-BE54-9A1E7A4F7556}") = "NerdStore.Vendas.Application", "02 - TDD\src\NerdStore.Vendas.Application\NerdStore.Vendas.Application.csproj", "{99FC5CB9-9922-4061-A2FB-2803C40BAF3C}"
EndProject
Project("{9A19103F-16F7-4668-BE54-9A1E7A4F7556}") = "NerdStore.Vendas.Domain", "02 - TDD\src\NerdStore.Vendas.Domain\NerdStore.Vendas.Domain.csproj", "{72E0F23F-D3E1-4A4C-8626-A6F5EEB99130}"
EndProject
Project("{2150E333-8FDC-42A3-9474-1A3956D46DE8}") = "Tests", "Tests", "{A7AA522D-3F7A-41F6-AEFD-FF49F1BB1957}"
EndProject
Project("{9A19103F-16F7-4668-BE54-9A1E7A4F7556}") = "NerdStore.Vendas.Domain.Tests", "02 - TDD\tests\NerdStore.Vendas.Domain.Tests\NerdStore.Vendas.Domain.Tests.csproj", "{5B0EF854-589C-449A-BBFA-8C2ADE6E88DE}"
EndProject
Project("{9A19103F-16F7-4668-BE54-9A1E7A4F7556}") = "NerdStore.Vendas.Application.Tests", "02 - TDD\tests\NerdStore.Vendas.Application.Tests\NerdStore.Vendas.Application.Tests.csproj", "{F8049E6D-39C0-45FC-A677-8DC42384139A}"
EndProject
Project("{FAE04EC0-301F-11D3-BF4B-00C04F79EFBC}") = "NerdStore.Core", "02 - TDD\src\NerdStore.Core\NerdStore.Core.csproj", "{9A412C74-8870-4C1E-A7E3-8200E4679661}"
EndProject
Project("{2150E333-8FDC-42A3-9474-1A3956D46DE8}") = "src", "src", "{268A0EED-C6A2-4F76-BBA6-557F8D368C1B}"
EndProject
Project("{FAE04EC0-301F-11D3-BF4B-00C04F79EFBC}") = "NerdStore.Vendas.Data", "02 - TDD\src\NerdStore.Vendas.Data\NerdStore.Vendas.Data.csproj", "{02284861-ED24-4D34-AA7F-32EB3E81CDA4}"
EndProject
Global
	GlobalSection(SolutionConfigurationPlatforms) = preSolution
		Debug|Any CPU = Debug|Any CPU
		Release|Any CPU = Release|Any CPU
	EndGlobalSection
	GlobalSection(ProjectConfigurationPlatforms) = postSolution
		{246D1323-401C-49DA-AB69-8354BA2CAC2A}.Debug|Any CPU.ActiveCfg = Debug|Any CPU
		{246D1323-401C-49DA-AB69-8354BA2CAC2A}.Debug|Any CPU.Build.0 = Debug|Any CPU
		{246D1323-401C-49DA-AB69-8354BA2CAC2A}.Release|Any CPU.ActiveCfg = Release|Any CPU
		{246D1323-401C-49DA-AB69-8354BA2CAC2A}.Release|Any CPU.Build.0 = Release|Any CPU
		{4F44A430-BC84-42E5-9340-38D38AC2BA63}.Debug|Any CPU.ActiveCfg = Debug|Any CPU
		{4F44A430-BC84-42E5-9340-38D38AC2BA63}.Debug|Any CPU.Build.0 = Debug|Any CPU
		{4F44A430-BC84-42E5-9340-38D38AC2BA63}.Release|Any CPU.ActiveCfg = Release|Any CPU
		{4F44A430-BC84-42E5-9340-38D38AC2BA63}.Release|Any CPU.Build.0 = Release|Any CPU
		{F3227277-7CCF-4854-AB36-0D0D6BBA47BB}.Debug|Any CPU.ActiveCfg = Debug|Any CPU
		{F3227277-7CCF-4854-AB36-0D0D6BBA47BB}.Debug|Any CPU.Build.0 = Debug|Any CPU
		{F3227277-7CCF-4854-AB36-0D0D6BBA47BB}.Release|Any CPU.ActiveCfg = Release|Any CPU
		{F3227277-7CCF-4854-AB36-0D0D6BBA47BB}.Release|Any CPU.Build.0 = Release|Any CPU
		{AFF5C7A0-A49F-4EFA-9732-8728A4AD68C9}.Debug|Any CPU.ActiveCfg = Debug|Any CPU
		{AFF5C7A0-A49F-4EFA-9732-8728A4AD68C9}.Debug|Any CPU.Build.0 = Debug|Any CPU
		{AFF5C7A0-A49F-4EFA-9732-8728A4AD68C9}.Release|Any CPU.ActiveCfg = Release|Any CPU
		{AFF5C7A0-A49F-4EFA-9732-8728A4AD68C9}.Release|Any CPU.Build.0 = Release|Any CPU
		{99FC5CB9-9922-4061-A2FB-2803C40BAF3C}.Debug|Any CPU.ActiveCfg = Debug|Any CPU
		{99FC5CB9-9922-4061-A2FB-2803C40BAF3C}.Debug|Any CPU.Build.0 = Debug|Any CPU
		{99FC5CB9-9922-4061-A2FB-2803C40BAF3C}.Release|Any CPU.ActiveCfg = Release|Any CPU
		{99FC5CB9-9922-4061-A2FB-2803C40BAF3C}.Release|Any CPU.Build.0 = Release|Any CPU
		{72E0F23F-D3E1-4A4C-8626-A6F5EEB99130}.Debug|Any CPU.ActiveCfg = Debug|Any CPU
		{72E0F23F-D3E1-4A4C-8626-A6F5EEB99130}.Debug|Any CPU.Build.0 = Debug|Any CPU
		{72E0F23F-D3E1-4A4C-8626-A6F5EEB99130}.Release|Any CPU.ActiveCfg = Release|Any CPU
		{72E0F23F-D3E1-4A4C-8626-A6F5EEB99130}.Release|Any CPU.Build.0 = Release|Any CPU
		{5B0EF854-589C-449A-BBFA-8C2ADE6E88DE}.Debug|Any CPU.ActiveCfg = Debug|Any CPU
		{5B0EF854-589C-449A-BBFA-8C2ADE6E88DE}.Debug|Any CPU.Build.0 = Debug|Any CPU
		{5B0EF854-589C-449A-BBFA-8C2ADE6E88DE}.Release|Any CPU.ActiveCfg = Release|Any CPU
		{5B0EF854-589C-449A-BBFA-8C2ADE6E88DE}.Release|Any CPU.Build.0 = Release|Any CPU
		{F8049E6D-39C0-45FC-A677-8DC42384139A}.Debug|Any CPU.ActiveCfg = Debug|Any CPU
		{F8049E6D-39C0-45FC-A677-8DC42384139A}.Debug|Any CPU.Build.0 = Debug|Any CPU
		{F8049E6D-39C0-45FC-A677-8DC42384139A}.Release|Any CPU.ActiveCfg = Release|Any CPU
		{F8049E6D-39C0-45FC-A677-8DC42384139A}.Release|Any CPU.Build.0 = Release|Any CPU
		{9A412C74-8870-4C1E-A7E3-8200E4679661}.Debug|Any CPU.ActiveCfg = Debug|Any CPU
		{9A412C74-8870-4C1E-A7E3-8200E4679661}.Debug|Any CPU.Build.0 = Debug|Any CPU
		{9A412C74-8870-4C1E-A7E3-8200E4679661}.Release|Any CPU.ActiveCfg = Release|Any CPU
		{9A412C74-8870-4C1E-A7E3-8200E4679661}.Release|Any CPU.Build.0 = Release|Any CPU
		{02284861-ED24-4D34-AA7F-32EB3E81CDA4}.Debug|Any CPU.ActiveCfg = Debug|Any CPU
		{02284861-ED24-4D34-AA7F-32EB3E81CDA4}.Debug|Any CPU.Build.0 = Debug|Any CPU
		{02284861-ED24-4D34-AA7F-32EB3E81CDA4}.Release|Any CPU.ActiveCfg = Release|Any CPU
		{02284861-ED24-4D34-AA7F-32EB3E81CDA4}.Release|Any CPU.Build.0 = Release|Any CPU
	EndGlobalSection
	GlobalSection(SolutionProperties) = preSolution
		HideSolutionNode = FALSE
	EndGlobalSection
	GlobalSection(NestedProjects) = preSolution
		{BFB42658-9528-4813-9813-575D8B4F733E} = {7431B090-D75F-4433-9F36-04B39A82281A}
		{246D1323-401C-49DA-AB69-8354BA2CAC2A} = {BFB42658-9528-4813-9813-575D8B4F733E}
		{4F44A430-BC84-42E5-9340-38D38AC2BA63} = {BFB42658-9528-4813-9813-575D8B4F733E}
		{2D5A96F8-7FED-413E-A88D-6EAF047D5DBB} = {7431B090-D75F-4433-9F36-04B39A82281A}
		{F3227277-7CCF-4854-AB36-0D0D6BBA47BB} = {2D5A96F8-7FED-413E-A88D-6EAF047D5DBB}
		{AFF5C7A0-A49F-4EFA-9732-8728A4AD68C9} = {2D5A96F8-7FED-413E-A88D-6EAF047D5DBB}
		{99FC5CB9-9922-4061-A2FB-2803C40BAF3C} = {277EB435-935D-44F4-836A-FAB61E515826}
		{72E0F23F-D3E1-4A4C-8626-A6F5EEB99130} = {277EB435-935D-44F4-836A-FAB61E515826}
		{A7AA522D-3F7A-41F6-AEFD-FF49F1BB1957} = {277EB435-935D-44F4-836A-FAB61E515826}
		{5B0EF854-589C-449A-BBFA-8C2ADE6E88DE} = {A7AA522D-3F7A-41F6-AEFD-FF49F1BB1957}
		{F8049E6D-39C0-45FC-A677-8DC42384139A} = {A7AA522D-3F7A-41F6-AEFD-FF49F1BB1957}
		{9A412C74-8870-4C1E-A7E3-8200E4679661} = {277EB435-935D-44F4-836A-FAB61E515826}
		{268A0EED-C6A2-4F76-BBA6-557F8D368C1B} = {277EB435-935D-44F4-836A-FAB61E515826}
		{02284861-ED24-4D34-AA7F-32EB3E81CDA4} = {268A0EED-C6A2-4F76-BBA6-557F8D368C1B}
	EndGlobalSection
	GlobalSection(ExtensibilityGlobals) = postSolution
		SolutionGuid = {FA16DF68-D409-4848-8D5E-36F2FBF476DA}
	EndGlobalSection
EndGlobal
